// !$*UTF8*$!
{
	archiveVersion = 1;
	classes = {
	};
	objectVersion = 46;
	objects = {

/* Begin PBXBuildFile section */
		591762AD1AE90AE5009D3E60 /* AppDelegate.swift in Sources */ = {isa = PBXBuildFile; fileRef = 591762AC1AE90AE5009D3E60 /* AppDelegate.swift */; };
		591762B01AE90AE5009D3E60 /* SignMyPad.xcdatamodeld in Sources */ = {isa = PBXBuildFile; fileRef = 591762AE1AE90AE5009D3E60 /* SignMyPad.xcdatamodeld */; };
		591762B21AE90AE5009D3E60 /* ViewController.swift in Sources */ = {isa = PBXBuildFile; fileRef = 591762B11AE90AE5009D3E60 /* ViewController.swift */; };
		591762B51AE90AE5009D3E60 /* Main.storyboard in Resources */ = {isa = PBXBuildFile; fileRef = 591762B31AE90AE5009D3E60 /* Main.storyboard */; };
		591762B71AE90AE5009D3E60 /* Images.xcassets in Resources */ = {isa = PBXBuildFile; fileRef = 591762B61AE90AE5009D3E60 /* Images.xcassets */; };
		591762BA1AE90AE5009D3E60 /* LaunchScreen.xib in Resources */ = {isa = PBXBuildFile; fileRef = 591762B81AE90AE5009D3E60 /* LaunchScreen.xib */; };
		591762C61AE90AE5009D3E60 /* SignMyPadTests.swift in Sources */ = {isa = PBXBuildFile; fileRef = 591762C51AE90AE5009D3E60 /* SignMyPadTests.swift */; };
		59A903471AF2C844005FC6DF /* AppDependencies.swift in Sources */ = {isa = PBXBuildFile; fileRef = 59A903451AF2C844005FC6DF /* AppDependencies.swift */; };
		59A903511AF2C923005FC6DF /* MainWireframe.swift in Sources */ = {isa = PBXBuildFile; fileRef = 59A903491AF2C923005FC6DF /* MainWireframe.swift */; };
		59A903521AF2C923005FC6DF /* MainViewController.swift in Sources */ = {isa = PBXBuildFile; fileRef = 59A9034A1AF2C923005FC6DF /* MainViewController.swift */; };
		59A903531AF2C923005FC6DF /* MainViewInterface.swift in Sources */ = {isa = PBXBuildFile; fileRef = 59A9034B1AF2C923005FC6DF /* MainViewInterface.swift */; };
		59A903541AF2C923005FC6DF /* MainDataManager.swift in Sources */ = {isa = PBXBuildFile; fileRef = 59A9034C1AF2C923005FC6DF /* MainDataManager.swift */; };
		59A903551AF2C923005FC6DF /* MainInteractor.swift in Sources */ = {isa = PBXBuildFile; fileRef = 59A9034D1AF2C923005FC6DF /* MainInteractor.swift */; };
		59A903561AF2C923005FC6DF /* MainInteractorIO.swift in Sources */ = {isa = PBXBuildFile; fileRef = 59A9034E1AF2C923005FC6DF /* MainInteractorIO.swift */; };
		59A903571AF2C923005FC6DF /* MainModuleInterface.swift in Sources */ = {isa = PBXBuildFile; fileRef = 59A9034F1AF2C923005FC6DF /* MainModuleInterface.swift */; };
		59A903581AF2C923005FC6DF /* MainPresenter.swift in Sources */ = {isa = PBXBuildFile; fileRef = 59A903501AF2C923005FC6DF /* MainPresenter.swift */; };
		59A9036D1AF3D563005FC6DF /* Pro-Icon-100.png in Resources */ = {isa = PBXBuildFile; fileRef = 59A9035D1AF3D563005FC6DF /* Pro-Icon-100.png */; };
		59A9036E1AF3D563005FC6DF /* Pro-Icon-144.png in Resources */ = {isa = PBXBuildFile; fileRef = 59A9035E1AF3D563005FC6DF /* Pro-Icon-144.png */; };
		59A9036F1AF3D563005FC6DF /* Pro-Icon-152.png in Resources */ = {isa = PBXBuildFile; fileRef = 59A9035F1AF3D563005FC6DF /* Pro-Icon-152.png */; };
		59A903701AF3D563005FC6DF /* Pro-Icon-29.png in Resources */ = {isa = PBXBuildFile; fileRef = 59A903601AF3D563005FC6DF /* Pro-Icon-29.png */; };
		59A903711AF3D563005FC6DF /* Pro-Icon-40.png in Resources */ = {isa = PBXBuildFile; fileRef = 59A903611AF3D563005FC6DF /* Pro-Icon-40.png */; };
		59A903721AF3D563005FC6DF /* Pro-Icon-50.png in Resources */ = {isa = PBXBuildFile; fileRef = 59A903621AF3D563005FC6DF /* Pro-Icon-50.png */; };
		59A903731AF3D563005FC6DF /* Pro-Icon-58.png in Resources */ = {isa = PBXBuildFile; fileRef = 59A903631AF3D563005FC6DF /* Pro-Icon-58.png */; };
		59A903741AF3D563005FC6DF /* Pro-Icon-72.png in Resources */ = {isa = PBXBuildFile; fileRef = 59A903641AF3D563005FC6DF /* Pro-Icon-72.png */; };
		59A903751AF3D563005FC6DF /* Pro-Icon-76.png in Resources */ = {isa = PBXBuildFile; fileRef = 59A903651AF3D563005FC6DF /* Pro-Icon-76.png */; };
		59A903761AF3D563005FC6DF /* Pro-Icon-80.png in Resources */ = {isa = PBXBuildFile; fileRef = 59A903661AF3D563005FC6DF /* Pro-Icon-80.png */; };
		59A903771AF3D563005FC6DF /* Default-Landscape@1x.png in Resources */ = {isa = PBXBuildFile; fileRef = 59A903681AF3D563005FC6DF /* Default-Landscape@1x.png */; };
		59A903781AF3D563005FC6DF /* Default-Landscape@2x.png in Resources */ = {isa = PBXBuildFile; fileRef = 59A903691AF3D563005FC6DF /* Default-Landscape@2x.png */; };
		59A903791AF3D563005FC6DF /* Default-Portrait@1x.png in Resources */ = {isa = PBXBuildFile; fileRef = 59A9036A1AF3D563005FC6DF /* Default-Portrait@1x.png */; };
		59A9037A1AF3D563005FC6DF /* Default-Portrait@2x.png in Resources */ = {isa = PBXBuildFile; fileRef = 59A9036B1AF3D563005FC6DF /* Default-Portrait@2x.png */; };
		6B2A3D0D1AEF8C8A00D3970C /* Social.framework in Frameworks */ = {isa = PBXBuildFile; fileRef = 6B2A3D0C1AEF8C8A00D3970C /* Social.framework */; };
		6B2A3D0F1AEF8C9B00D3970C /* Accounts.framework in Frameworks */ = {isa = PBXBuildFile; fileRef = 6B2A3D0E1AEF8C9B00D3970C /* Accounts.framework */; };
		98FACC75DF8C61BB74224F8E /* libPods.a in Frameworks */ = {isa = PBXBuildFile; fileRef = D18719D1D89A392D3C399C5C /* libPods.a */; };
/* End PBXBuildFile section */

/* Begin PBXContainerItemProxy section */
		591762C01AE90AE5009D3E60 /* PBXContainerItemProxy */ = {
			isa = PBXContainerItemProxy;
			containerPortal = 5917629F1AE90AE5009D3E60 /* Project object */;
			proxyType = 1;
			remoteGlobalIDString = 591762A61AE90AE5009D3E60;
			remoteInfo = SignMyPad;
		};
/* End PBXContainerItemProxy section */

/* Begin PBXFileReference section */
		0D826EACE57DE7E1E8BCF874 /* Pods.release.xcconfig */ = {isa = PBXFileReference; includeInIndex = 1; lastKnownFileType = text.xcconfig; name = Pods.release.xcconfig; path = "Pods/Target Support Files/Pods/Pods.release.xcconfig"; sourceTree = "<group>"; };
		591762A71AE90AE5009D3E60 /* SignMyPad.app */ = {isa = PBXFileReference; explicitFileType = wrapper.application; includeInIndex = 0; path = SignMyPad.app; sourceTree = BUILT_PRODUCTS_DIR; };
		591762AB1AE90AE5009D3E60 /* Info.plist */ = {isa = PBXFileReference; lastKnownFileType = text.plist.xml; path = Info.plist; sourceTree = "<group>"; };
		591762AC1AE90AE5009D3E60 /* AppDelegate.swift */ = {isa = PBXFileReference; lastKnownFileType = sourcecode.swift; path = AppDelegate.swift; sourceTree = "<group>"; };
		591762AF1AE90AE5009D3E60 /* SignMyPad.xcdatamodel */ = {isa = PBXFileReference; lastKnownFileType = wrapper.xcdatamodel; path = SignMyPad.xcdatamodel; sourceTree = "<group>"; };
		591762B11AE90AE5009D3E60 /* ViewController.swift */ = {isa = PBXFileReference; lastKnownFileType = sourcecode.swift; path = ViewController.swift; sourceTree = "<group>"; };
		591762B41AE90AE5009D3E60 /* Base */ = {isa = PBXFileReference; lastKnownFileType = file.storyboard; name = Base; path = Base.lproj/Main.storyboard; sourceTree = "<group>"; };
		591762B61AE90AE5009D3E60 /* Images.xcassets */ = {isa = PBXFileReference; lastKnownFileType = folder.assetcatalog; path = Images.xcassets; sourceTree = "<group>"; };
		591762B91AE90AE5009D3E60 /* Base */ = {isa = PBXFileReference; lastKnownFileType = file.xib; name = Base; path = Base.lproj/LaunchScreen.xib; sourceTree = "<group>"; };
		591762BF1AE90AE5009D3E60 /* SignMyPadTests.xctest */ = {isa = PBXFileReference; explicitFileType = wrapper.cfbundle; includeInIndex = 0; path = SignMyPadTests.xctest; sourceTree = BUILT_PRODUCTS_DIR; };
		591762C41AE90AE5009D3E60 /* Info.plist */ = {isa = PBXFileReference; lastKnownFileType = text.plist.xml; path = Info.plist; sourceTree = "<group>"; };
		591762C51AE90AE5009D3E60 /* SignMyPadTests.swift */ = {isa = PBXFileReference; lastKnownFileType = sourcecode.swift; path = SignMyPadTests.swift; sourceTree = "<group>"; };
		59A903451AF2C844005FC6DF /* AppDependencies.swift */ = {isa = PBXFileReference; fileEncoding = 4; lastKnownFileType = sourcecode.swift; path = AppDependencies.swift; sourceTree = "<group>"; };
		59A903461AF2C844005FC6DF /* SignMyPad-Bridging-Header.h */ = {isa = PBXFileReference; fileEncoding = 4; lastKnownFileType = sourcecode.c.h; path = "SignMyPad-Bridging-Header.h"; sourceTree = "<group>"; };
		59A903491AF2C923005FC6DF /* MainWireframe.swift */ = {isa = PBXFileReference; fileEncoding = 4; lastKnownFileType = sourcecode.swift; path = MainWireframe.swift; sourceTree = "<group>"; };
		59A9034A1AF2C923005FC6DF /* MainViewController.swift */ = {isa = PBXFileReference; fileEncoding = 4; lastKnownFileType = sourcecode.swift; path = MainViewController.swift; sourceTree = "<group>"; };
		59A9034B1AF2C923005FC6DF /* MainViewInterface.swift */ = {isa = PBXFileReference; fileEncoding = 4; lastKnownFileType = sourcecode.swift; path = MainViewInterface.swift; sourceTree = "<group>"; };
		59A9034C1AF2C923005FC6DF /* MainDataManager.swift */ = {isa = PBXFileReference; fileEncoding = 4; lastKnownFileType = sourcecode.swift; path = MainDataManager.swift; sourceTree = "<group>"; };
		59A9034D1AF2C923005FC6DF /* MainInteractor.swift */ = {isa = PBXFileReference; fileEncoding = 4; lastKnownFileType = sourcecode.swift; path = MainInteractor.swift; sourceTree = "<group>"; };
		59A9034E1AF2C923005FC6DF /* MainInteractorIO.swift */ = {isa = PBXFileReference; fileEncoding = 4; lastKnownFileType = sourcecode.swift; path = MainInteractorIO.swift; sourceTree = "<group>"; };
		59A9034F1AF2C923005FC6DF /* MainModuleInterface.swift */ = {isa = PBXFileReference; fileEncoding = 4; lastKnownFileType = sourcecode.swift; path = MainModuleInterface.swift; sourceTree = "<group>"; };
		59A903501AF2C923005FC6DF /* MainPresenter.swift */ = {isa = PBXFileReference; fileEncoding = 4; lastKnownFileType = sourcecode.swift; path = MainPresenter.swift; sourceTree = "<group>"; };
		59A9035D1AF3D563005FC6DF /* Pro-Icon-100.png */ = {isa = PBXFileReference; lastKnownFileType = image.png; path = "Pro-Icon-100.png"; sourceTree = "<group>"; };
		59A9035E1AF3D563005FC6DF /* Pro-Icon-144.png */ = {isa = PBXFileReference; lastKnownFileType = image.png; path = "Pro-Icon-144.png"; sourceTree = "<group>"; };
		59A9035F1AF3D563005FC6DF /* Pro-Icon-152.png */ = {isa = PBXFileReference; lastKnownFileType = image.png; path = "Pro-Icon-152.png"; sourceTree = "<group>"; };
		59A903601AF3D563005FC6DF /* Pro-Icon-29.png */ = {isa = PBXFileReference; lastKnownFileType = image.png; path = "Pro-Icon-29.png"; sourceTree = "<group>"; };
		59A903611AF3D563005FC6DF /* Pro-Icon-40.png */ = {isa = PBXFileReference; lastKnownFileType = image.png; path = "Pro-Icon-40.png"; sourceTree = "<group>"; };
		59A903621AF3D563005FC6DF /* Pro-Icon-50.png */ = {isa = PBXFileReference; lastKnownFileType = image.png; path = "Pro-Icon-50.png"; sourceTree = "<group>"; };
		59A903631AF3D563005FC6DF /* Pro-Icon-58.png */ = {isa = PBXFileReference; lastKnownFileType = image.png; path = "Pro-Icon-58.png"; sourceTree = "<group>"; };
		59A903641AF3D563005FC6DF /* Pro-Icon-72.png */ = {isa = PBXFileReference; lastKnownFileType = image.png; path = "Pro-Icon-72.png"; sourceTree = "<group>"; };
		59A903651AF3D563005FC6DF /* Pro-Icon-76.png */ = {isa = PBXFileReference; lastKnownFileType = image.png; path = "Pro-Icon-76.png"; sourceTree = "<group>"; };
		59A903661AF3D563005FC6DF /* Pro-Icon-80.png */ = {isa = PBXFileReference; lastKnownFileType = image.png; path = "Pro-Icon-80.png"; sourceTree = "<group>"; };
		59A903681AF3D563005FC6DF /* Default-Landscape@1x.png */ = {isa = PBXFileReference; lastKnownFileType = image.png; path = "Default-Landscape@1x.png"; sourceTree = "<group>"; };
		59A903691AF3D563005FC6DF /* Default-Landscape@2x.png */ = {isa = PBXFileReference; lastKnownFileType = image.png; path = "Default-Landscape@2x.png"; sourceTree = "<group>"; };
		59A9036A1AF3D563005FC6DF /* Default-Portrait@1x.png */ = {isa = PBXFileReference; lastKnownFileType = image.png; path = "Default-Portrait@1x.png"; sourceTree = "<group>"; };
		59A9036B1AF3D563005FC6DF /* Default-Portrait@2x.png */ = {isa = PBXFileReference; lastKnownFileType = image.png; path = "Default-Portrait@2x.png"; sourceTree = "<group>"; };
		6B2A3D0C1AEF8C8A00D3970C /* Social.framework */ = {isa = PBXFileReference; lastKnownFileType = wrapper.framework; name = Social.framework; path = System/Library/Frameworks/Social.framework; sourceTree = SDKROOT; };
		6B2A3D0E1AEF8C9B00D3970C /* Accounts.framework */ = {isa = PBXFileReference; lastKnownFileType = wrapper.framework; name = Accounts.framework; path = System/Library/Frameworks/Accounts.framework; sourceTree = SDKROOT; };
		913E5245595705CD288EB0BD /* Pods.debug.xcconfig */ = {isa = PBXFileReference; includeInIndex = 1; lastKnownFileType = text.xcconfig; name = Pods.debug.xcconfig; path = "Pods/Target Support Files/Pods/Pods.debug.xcconfig"; sourceTree = "<group>"; };
		D18719D1D89A392D3C399C5C /* libPods.a */ = {isa = PBXFileReference; explicitFileType = archive.ar; includeInIndex = 0; path = libPods.a; sourceTree = BUILT_PRODUCTS_DIR; };
/* End PBXFileReference section */

/* Begin PBXFrameworksBuildPhase section */
		591762A41AE90AE5009D3E60 /* Frameworks */ = {
			isa = PBXFrameworksBuildPhase;
			buildActionMask = 2147483647;
			files = (
				6B2A3D0F1AEF8C9B00D3970C /* Accounts.framework in Frameworks */,
				6B2A3D0D1AEF8C8A00D3970C /* Social.framework in Frameworks */,
				98FACC75DF8C61BB74224F8E /* libPods.a in Frameworks */,
			);
			runOnlyForDeploymentPostprocessing = 0;
		};
		591762BC1AE90AE5009D3E60 /* Frameworks */ = {
			isa = PBXFrameworksBuildPhase;
			buildActionMask = 2147483647;
			files = (
			);
			runOnlyForDeploymentPostprocessing = 0;
		};
/* End PBXFrameworksBuildPhase section */

/* Begin PBXGroup section */
		050803E7567DF8FD8B5DA3E2 /* Frameworks */ = {
			isa = PBXGroup;
			children = (
				6B2A3D0E1AEF8C9B00D3970C /* Accounts.framework */,
				6B2A3D0C1AEF8C8A00D3970C /* Social.framework */,
				D18719D1D89A392D3C399C5C /* libPods.a */,
			);
			name = Frameworks;
			sourceTree = "<group>";
		};
		5917629E1AE90AE5009D3E60 = {
			isa = PBXGroup;
			children = (
				591762A91AE90AE5009D3E60 /* SignMyPad */,
				591762C21AE90AE5009D3E60 /* SignMyPadTests */,
				591762A81AE90AE5009D3E60 /* Products */,
				DA70A6A5B19E31D9ADE82D4D /* Pods */,
				050803E7567DF8FD8B5DA3E2 /* Frameworks */,
			);
			sourceTree = "<group>";
		};
		591762A81AE90AE5009D3E60 /* Products */ = {
			isa = PBXGroup;
			children = (
				591762A71AE90AE5009D3E60 /* SignMyPad.app */,
				591762BF1AE90AE5009D3E60 /* SignMyPadTests.xctest */,
			);
			name = Products;
			sourceTree = "<group>";
		};
		591762A91AE90AE5009D3E60 /* SignMyPad */ = {
			isa = PBXGroup;
			children = (
				591762AC1AE90AE5009D3E60 /* AppDelegate.swift */,
				59A903451AF2C844005FC6DF /* AppDependencies.swift */,
				592013341AF2892E00281296 /* components */,
				591762B61AE90AE5009D3E60 /* Images.xcassets */,
				591762B81AE90AE5009D3E60 /* LaunchScreen.xib */,
				591762B31AE90AE5009D3E60 /* Main.storyboard */,
				5920132E1AF288E800281296 /* model */,
				59A903461AF2C844005FC6DF /* SignMyPad-Bridging-Header.h */,
				591762AE1AE90AE5009D3E60 /* SignMyPad.xcdatamodeld */,
				591762AA1AE90AE5009D3E60 /* Supporting Files */,
				592013331AF2892800281296 /* utils */,
				591762B11AE90AE5009D3E60 /* ViewController.swift */,
				5920132D1AF288DA00281296 /* views */,
			);
			path = SignMyPad;
			sourceTree = "<group>";
		};
		591762AA1AE90AE5009D3E60 /* Supporting Files */ = {
			isa = PBXGroup;
			children = (
				59A9035A1AF3D563005FC6DF /* images */,
				591762AB1AE90AE5009D3E60 /* Info.plist */,
			);
			name = "Supporting Files";
			sourceTree = "<group>";
		};
		591762C21AE90AE5009D3E60 /* SignMyPadTests */ = {
			isa = PBXGroup;
			children = (
				591762C51AE90AE5009D3E60 /* SignMyPadTests.swift */,
				591762C31AE90AE5009D3E60 /* Supporting Files */,
			);
			path = SignMyPadTests;
			sourceTree = "<group>";
		};
		591762C31AE90AE5009D3E60 /* Supporting Files */ = {
			isa = PBXGroup;
			children = (
				591762C41AE90AE5009D3E60 /* Info.plist */,
			);
			name = "Supporting Files";
			sourceTree = "<group>";
		};
		5920132D1AF288DA00281296 /* views */ = {
			isa = PBXGroup;
			children = (
				59A903481AF2C90C005FC6DF /* main */,
				5920133E1AF289B600281296 /* tools */,
				5920133D1AF2898900281296 /* navigationbar */,
				5920133C1AF2897C00281296 /* filesmanager */,
				592013391AF2895700281296 /* signatures */,
				592013351AF2893800281296 /* pdf */,
			);
			name = views;
			path = ..;
			sourceTree = "<group>";
		};
		5920132E1AF288E800281296 /* model */ = {
			isa = PBXGroup;
			children = (
				592013321AF2891700281296 /* services */,
				592013311AF2890F00281296 /* vos */,
				592013301AF2890000281296 /* aggregates */,
				5920132F1AF288F900281296 /* entities */,
			);
			name = model;
			sourceTree = "<group>";
		};
		5920132F1AF288F900281296 /* entities */ = {
			isa = PBXGroup;
			children = (
			);
			name = entities;
			sourceTree = "<group>";
		};
		592013301AF2890000281296 /* aggregates */ = {
			isa = PBXGroup;
			children = (
			);
			name = aggregates;
			sourceTree = "<group>";
		};
		592013311AF2890F00281296 /* vos */ = {
			isa = PBXGroup;
			children = (
			);
			name = vos;
			sourceTree = "<group>";
		};
		592013321AF2891700281296 /* services */ = {
			isa = PBXGroup;
			children = (
			);
			name = services;
			sourceTree = "<group>";
		};
		592013331AF2892800281296 /* utils */ = {
			isa = PBXGroup;
			children = (
			);
			name = utils;
			sourceTree = "<group>";
		};
		592013341AF2892E00281296 /* components */ = {
			isa = PBXGroup;
			children = (
			);
			name = components;
			sourceTree = "<group>";
		};
		592013351AF2893800281296 /* pdf */ = {
			isa = PBXGroup;
			children = (
				592013381AF2894900281296 /* annotator */,
				592013371AF2894400281296 /* editor */,
				592013361AF2893E00281296 /* viewer */,
			);
			name = pdf;
			sourceTree = "<group>";
		};
		592013361AF2893E00281296 /* viewer */ = {
			isa = PBXGroup;
			children = (
			);
			name = viewer;
			sourceTree = "<group>";
		};
		592013371AF2894400281296 /* editor */ = {
			isa = PBXGroup;
			children = (
			);
			name = editor;
			sourceTree = "<group>";
		};
		592013381AF2894900281296 /* annotator */ = {
			isa = PBXGroup;
			children = (
			);
			name = annotator;
			sourceTree = "<group>";
		};
		592013391AF2895700281296 /* signatures */ = {
			isa = PBXGroup;
			children = (
				5920133B1AF2896D00281296 /* editor */,
				5920133A1AF2895E00281296 /* manager */,
			);
			name = signatures;
			sourceTree = "<group>";
		};
		5920133A1AF2895E00281296 /* manager */ = {
			isa = PBXGroup;
			children = (
			);
			name = manager;
			sourceTree = "<group>";
		};
		5920133B1AF2896D00281296 /* editor */ = {
			isa = PBXGroup;
			children = (
			);
			name = editor;
			sourceTree = "<group>";
		};
		5920133C1AF2897C00281296 /* filesmanager */ = {
			isa = PBXGroup;
			children = (
			);
			name = filesmanager;
			sourceTree = "<group>";
		};
		5920133D1AF2898900281296 /* navigationbar */ = {
			isa = PBXGroup;
			children = (
			);
			name = navigationbar;
			sourceTree = "<group>";
		};
		5920133E1AF289B600281296 /* tools */ = {
			isa = PBXGroup;
			children = (
			);
			name = tools;
			sourceTree = "<group>";
		};
		59A903481AF2C90C005FC6DF /* main */ = {
			isa = PBXGroup;
			children = (
				59A903491AF2C923005FC6DF /* MainWireframe.swift */,
				59A9034A1AF2C923005FC6DF /* MainViewController.swift */,
				59A9034B1AF2C923005FC6DF /* MainViewInterface.swift */,
				59A9034C1AF2C923005FC6DF /* MainDataManager.swift */,
				59A9034D1AF2C923005FC6DF /* MainInteractor.swift */,
				59A9034E1AF2C923005FC6DF /* MainInteractorIO.swift */,
				59A9034F1AF2C923005FC6DF /* MainModuleInterface.swift */,
				59A903501AF2C923005FC6DF /* MainPresenter.swift */,
			);
			name = main;
			sourceTree = "<group>";
		};
		59A9035A1AF3D563005FC6DF /* images */ = {
			isa = PBXGroup;
			children = (
				59A9035B1AF3D563005FC6DF /* icons */,
				59A903671AF3D563005FC6DF /* iPad */,
				59A9036C1AF3D563005FC6DF /* iPhone */,
			);
			path = images;
			sourceTree = "<group>";
		};
		59A9035B1AF3D563005FC6DF /* icons */ = {
			isa = PBXGroup;
			children = (
				59A9035C1AF3D563005FC6DF /* pro */,
			);
			path = icons;
			sourceTree = "<group>";
		};
		59A9035C1AF3D563005FC6DF /* pro */ = {
			isa = PBXGroup;
			children = (
				59A9035D1AF3D563005FC6DF /* Pro-Icon-100.png */,
				59A9035E1AF3D563005FC6DF /* Pro-Icon-144.png */,
				59A9035F1AF3D563005FC6DF /* Pro-Icon-152.png */,
				59A903601AF3D563005FC6DF /* Pro-Icon-29.png */,
				59A903611AF3D563005FC6DF /* Pro-Icon-40.png */,
				59A903621AF3D563005FC6DF /* Pro-Icon-50.png */,
				59A903631AF3D563005FC6DF /* Pro-Icon-58.png */,
				59A903641AF3D563005FC6DF /* Pro-Icon-72.png */,
				59A903651AF3D563005FC6DF /* Pro-Icon-76.png */,
				59A903661AF3D563005FC6DF /* Pro-Icon-80.png */,
			);
			path = pro;
			sourceTree = "<group>";
		};
		59A903671AF3D563005FC6DF /* iPad */ = {
			isa = PBXGroup;
			children = (
				59A903681AF3D563005FC6DF /* Default-Landscape@1x.png */,
				59A903691AF3D563005FC6DF /* Default-Landscape@2x.png */,
				59A9036A1AF3D563005FC6DF /* Default-Portrait@1x.png */,
				59A9036B1AF3D563005FC6DF /* Default-Portrait@2x.png */,
			);
			path = iPad;
			sourceTree = "<group>";
		};
		59A9036C1AF3D563005FC6DF /* iPhone */ = {
			isa = PBXGroup;
			children = (
			);
			path = iPhone;
			sourceTree = "<group>";
		};
		DA70A6A5B19E31D9ADE82D4D /* Pods */ = {
			isa = PBXGroup;
			children = (
				913E5245595705CD288EB0BD /* Pods.debug.xcconfig */,
				0D826EACE57DE7E1E8BCF874 /* Pods.release.xcconfig */,
			);
			name = Pods;
			sourceTree = "<group>";
		};
/* End PBXGroup section */

/* Begin PBXNativeTarget section */
		591762A61AE90AE5009D3E60 /* SignMyPad */ = {
			isa = PBXNativeTarget;
			buildConfigurationList = 591762C91AE90AE5009D3E60 /* Build configuration list for PBXNativeTarget "SignMyPad" */;
			buildPhases = (
				371F5674CF7622834B933D24 /* Check Pods Manifest.lock */,
				591762A31AE90AE5009D3E60 /* Sources */,
				591762A41AE90AE5009D3E60 /* Frameworks */,
				591762A51AE90AE5009D3E60 /* Resources */,
				EDF531D41980EE3D935D7A4F /* Copy Pods Resources */,
				591762CF1AE9181D009D3E60 /* ShellScript */,
			);
			buildRules = (
			);
			dependencies = (
			);
			name = SignMyPad;
			productName = SignMyPad;
			productReference = 591762A71AE90AE5009D3E60 /* SignMyPad.app */;
			productType = "com.apple.product-type.application";
		};
		591762BE1AE90AE5009D3E60 /* SignMyPadTests */ = {
			isa = PBXNativeTarget;
			buildConfigurationList = 591762CC1AE90AE5009D3E60 /* Build configuration list for PBXNativeTarget "SignMyPadTests" */;
			buildPhases = (
				591762BB1AE90AE5009D3E60 /* Sources */,
				591762BC1AE90AE5009D3E60 /* Frameworks */,
				591762BD1AE90AE5009D3E60 /* Resources */,
			);
			buildRules = (
			);
			dependencies = (
				591762C11AE90AE5009D3E60 /* PBXTargetDependency */,
			);
			name = SignMyPadTests;
			productName = SignMyPadTests;
			productReference = 591762BF1AE90AE5009D3E60 /* SignMyPadTests.xctest */;
			productType = "com.apple.product-type.bundle.unit-test";
		};
/* End PBXNativeTarget section */

/* Begin PBXProject section */
		5917629F1AE90AE5009D3E60 /* Project object */ = {
			isa = PBXProject;
			attributes = {
				LastUpgradeCheck = 0620;
				ORGANIZATIONNAME = "Natili, Giorgio";
				TargetAttributes = {
					591762A61AE90AE5009D3E60 = {
						CreatedOnToolsVersion = 6.2;
					};
					591762BE1AE90AE5009D3E60 = {
						CreatedOnToolsVersion = 6.2;
						TestTargetID = 591762A61AE90AE5009D3E60;
					};
				};
			};
			buildConfigurationList = 591762A21AE90AE5009D3E60 /* Build configuration list for PBXProject "SignMyPad" */;
			compatibilityVersion = "Xcode 3.2";
			developmentRegion = English;
			hasScannedForEncodings = 0;
			knownRegions = (
				en,
				Base,
			);
			mainGroup = 5917629E1AE90AE5009D3E60;
			productRefGroup = 591762A81AE90AE5009D3E60 /* Products */;
			projectDirPath = "";
			projectRoot = "";
			targets = (
				591762A61AE90AE5009D3E60 /* SignMyPad */,
				591762BE1AE90AE5009D3E60 /* SignMyPadTests */,
			);
		};
/* End PBXProject section */

/* Begin PBXResourcesBuildPhase section */
		591762A51AE90AE5009D3E60 /* Resources */ = {
			isa = PBXResourcesBuildPhase;
			buildActionMask = 2147483647;
			files = (
				59A9036D1AF3D563005FC6DF /* Pro-Icon-100.png in Resources */,
				59A903771AF3D563005FC6DF /* Default-Landscape@1x.png in Resources */,
				59A903701AF3D563005FC6DF /* Pro-Icon-29.png in Resources */,
				59A903711AF3D563005FC6DF /* Pro-Icon-40.png in Resources */,
				591762B51AE90AE5009D3E60 /* Main.storyboard in Resources */,
				59A9037A1AF3D563005FC6DF /* Default-Portrait@2x.png in Resources */,
				591762BA1AE90AE5009D3E60 /* LaunchScreen.xib in Resources */,
				59A9036F1AF3D563005FC6DF /* Pro-Icon-152.png in Resources */,
				59A9036E1AF3D563005FC6DF /* Pro-Icon-144.png in Resources */,
				591762B71AE90AE5009D3E60 /* Images.xcassets in Resources */,
				59A903721AF3D563005FC6DF /* Pro-Icon-50.png in Resources */,
				59A903791AF3D563005FC6DF /* Default-Portrait@1x.png in Resources */,
				59A903741AF3D563005FC6DF /* Pro-Icon-72.png in Resources */,
				59A903761AF3D563005FC6DF /* Pro-Icon-80.png in Resources */,
				59A903731AF3D563005FC6DF /* Pro-Icon-58.png in Resources */,
				59A903781AF3D563005FC6DF /* Default-Landscape@2x.png in Resources */,
				59A903751AF3D563005FC6DF /* Pro-Icon-76.png in Resources */,
			);
			runOnlyForDeploymentPostprocessing = 0;
		};
		591762BD1AE90AE5009D3E60 /* Resources */ = {
			isa = PBXResourcesBuildPhase;
			buildActionMask = 2147483647;
			files = (
			);
			runOnlyForDeploymentPostprocessing = 0;
		};
/* End PBXResourcesBuildPhase section */

/* Begin PBXShellScriptBuildPhase section */
		371F5674CF7622834B933D24 /* Check Pods Manifest.lock */ = {
			isa = PBXShellScriptBuildPhase;
			buildActionMask = 2147483647;
			files = (
			);
			inputPaths = (
			);
			name = "Check Pods Manifest.lock";
			outputPaths = (
			);
			runOnlyForDeploymentPostprocessing = 0;
			shellPath = /bin/sh;
			shellScript = "diff \"${PODS_ROOT}/../Podfile.lock\" \"${PODS_ROOT}/Manifest.lock\" > /dev/null\nif [[ $? != 0 ]] ; then\n    cat << EOM\nerror: The sandbox is not in sync with the Podfile.lock. Run 'pod install' or update your CocoaPods installation.\nEOM\n    exit 1\nfi\n";
			showEnvVarsInLog = 0;
		};
		591762CF1AE9181D009D3E60 /* ShellScript */ = {
			isa = PBXShellScriptBuildPhase;
			buildActionMask = 2147483647;
			files = (
			);
			inputPaths = (
			);
			outputPaths = (
			);
			runOnlyForDeploymentPostprocessing = 0;
			shellPath = /bin/sh;
			shellScript = "./Pods/Fabric/Fabric.framework/run 804bf36372dcf949eaf5ff1a40c7efa59fc54a11 b7e040227cebac29fe784912674dbc26153159035b0ca7bc2a9bf84b73b22ccb";
		};
		EDF531D41980EE3D935D7A4F /* Copy Pods Resources */ = {
			isa = PBXShellScriptBuildPhase;
			buildActionMask = 2147483647;
			files = (
			);
			inputPaths = (
			);
			name = "Copy Pods Resources";
			outputPaths = (
			);
			runOnlyForDeploymentPostprocessing = 0;
			shellPath = /bin/sh;
			shellScript = "\"${SRCROOT}/Pods/Target Support Files/Pods/Pods-resources.sh\"\n";
			showEnvVarsInLog = 0;
		};
/* End PBXShellScriptBuildPhase section */

/* Begin PBXSourcesBuildPhase section */
		591762A31AE90AE5009D3E60 /* Sources */ = {
			isa = PBXSourcesBuildPhase;
			buildActionMask = 2147483647;
			files = (
				59A903511AF2C923005FC6DF /* MainWireframe.swift in Sources */,
				59A903561AF2C923005FC6DF /* MainInteractorIO.swift in Sources */,
				59A903571AF2C923005FC6DF /* MainModuleInterface.swift in Sources */,
				59A903471AF2C844005FC6DF /* AppDependencies.swift in Sources */,
				59A903541AF2C923005FC6DF /* MainDataManager.swift in Sources */,
				591762B21AE90AE5009D3E60 /* ViewController.swift in Sources */,
				59A903521AF2C923005FC6DF /* MainViewController.swift in Sources */,
				59A903581AF2C923005FC6DF /* MainPresenter.swift in Sources */,
				59A903551AF2C923005FC6DF /* MainInteractor.swift in Sources */,
				59A903531AF2C923005FC6DF /* MainViewInterface.swift in Sources */,
				591762B01AE90AE5009D3E60 /* SignMyPad.xcdatamodeld in Sources */,
				591762AD1AE90AE5009D3E60 /* AppDelegate.swift in Sources */,
			);
			runOnlyForDeploymentPostprocessing = 0;
		};
		591762BB1AE90AE5009D3E60 /* Sources */ = {
			isa = PBXSourcesBuildPhase;
			buildActionMask = 2147483647;
			files = (
				591762C61AE90AE5009D3E60 /* SignMyPadTests.swift in Sources */,
			);
			runOnlyForDeploymentPostprocessing = 0;
		};
/* End PBXSourcesBuildPhase section */

/* Begin PBXTargetDependency section */
		591762C11AE90AE5009D3E60 /* PBXTargetDependency */ = {
			isa = PBXTargetDependency;
			target = 591762A61AE90AE5009D3E60 /* SignMyPad */;
			targetProxy = 591762C01AE90AE5009D3E60 /* PBXContainerItemProxy */;
		};
/* End PBXTargetDependency section */

/* Begin PBXVariantGroup section */
		591762B31AE90AE5009D3E60 /* Main.storyboard */ = {
			isa = PBXVariantGroup;
			children = (
				591762B41AE90AE5009D3E60 /* Base */,
			);
			name = Main.storyboard;
			sourceTree = "<group>";
		};
		591762B81AE90AE5009D3E60 /* LaunchScreen.xib */ = {
			isa = PBXVariantGroup;
			children = (
				591762B91AE90AE5009D3E60 /* Base */,
			);
			name = LaunchScreen.xib;
			sourceTree = "<group>";
		};
/* End PBXVariantGroup section */

/* Begin XCBuildConfiguration section */
		591762C71AE90AE5009D3E60 /* Debug */ = {
			isa = XCBuildConfiguration;
			buildSettings = {
				ALWAYS_SEARCH_USER_PATHS = NO;
				CLANG_CXX_LANGUAGE_STANDARD = "gnu++0x";
				CLANG_CXX_LIBRARY = "libc++";
				CLANG_ENABLE_MODULES = YES;
				CLANG_ENABLE_OBJC_ARC = YES;
				CLANG_WARN_BOOL_CONVERSION = YES;
				CLANG_WARN_CONSTANT_CONVERSION = YES;
				CLANG_WARN_DIRECT_OBJC_ISA_USAGE = YES_ERROR;
				CLANG_WARN_EMPTY_BODY = YES;
				CLANG_WARN_ENUM_CONVERSION = YES;
				CLANG_WARN_INT_CONVERSION = YES;
				CLANG_WARN_OBJC_ROOT_CLASS = YES_ERROR;
				CLANG_WARN_UNREACHABLE_CODE = YES;
				CLANG_WARN__DUPLICATE_METHOD_MATCH = YES;
				"CODE_SIGN_IDENTITY[sdk=iphoneos*]" = "iPhone Developer";
				COPY_PHASE_STRIP = NO;
				ENABLE_STRICT_OBJC_MSGSEND = YES;
				GCC_C_LANGUAGE_STANDARD = gnu99;
				GCC_DYNAMIC_NO_PIC = NO;
				GCC_OPTIMIZATION_LEVEL = 0;
				GCC_PREPROCESSOR_DEFINITIONS = (
					"DEBUG=1",
					"$(inherited)",
				);
				GCC_SYMBOLS_PRIVATE_EXTERN = NO;
				GCC_WARN_64_TO_32_BIT_CONVERSION = YES;
				GCC_WARN_ABOUT_RETURN_TYPE = YES_ERROR;
				GCC_WARN_UNDECLARED_SELECTOR = YES;
				GCC_WARN_UNINITIALIZED_AUTOS = YES_AGGRESSIVE;
				GCC_WARN_UNUSED_FUNCTION = YES;
				GCC_WARN_UNUSED_VARIABLE = YES;
				IPHONEOS_DEPLOYMENT_TARGET = 8.2;
				MTL_ENABLE_DEBUG_INFO = YES;
				ONLY_ACTIVE_ARCH = YES;
				SDKROOT = iphoneos;
				SWIFT_OPTIMIZATION_LEVEL = "-Onone";
				TARGETED_DEVICE_FAMILY = "1,2";
			};
			name = Debug;
		};
		591762C81AE90AE5009D3E60 /* Release */ = {
			isa = XCBuildConfiguration;
			buildSettings = {
				ALWAYS_SEARCH_USER_PATHS = NO;
				CLANG_CXX_LANGUAGE_STANDARD = "gnu++0x";
				CLANG_CXX_LIBRARY = "libc++";
				CLANG_ENABLE_MODULES = YES;
				CLANG_ENABLE_OBJC_ARC = YES;
				CLANG_WARN_BOOL_CONVERSION = YES;
				CLANG_WARN_CONSTANT_CONVERSION = YES;
				CLANG_WARN_DIRECT_OBJC_ISA_USAGE = YES_ERROR;
				CLANG_WARN_EMPTY_BODY = YES;
				CLANG_WARN_ENUM_CONVERSION = YES;
				CLANG_WARN_INT_CONVERSION = YES;
				CLANG_WARN_OBJC_ROOT_CLASS = YES_ERROR;
				CLANG_WARN_UNREACHABLE_CODE = YES;
				CLANG_WARN__DUPLICATE_METHOD_MATCH = YES;
				"CODE_SIGN_IDENTITY[sdk=iphoneos*]" = "iPhone Developer";
				COPY_PHASE_STRIP = NO;
				ENABLE_NS_ASSERTIONS = NO;
				ENABLE_STRICT_OBJC_MSGSEND = YES;
				GCC_C_LANGUAGE_STANDARD = gnu99;
				GCC_WARN_64_TO_32_BIT_CONVERSION = YES;
				GCC_WARN_ABOUT_RETURN_TYPE = YES_ERROR;
				GCC_WARN_UNDECLARED_SELECTOR = YES;
				GCC_WARN_UNINITIALIZED_AUTOS = YES_AGGRESSIVE;
				GCC_WARN_UNUSED_FUNCTION = YES;
				GCC_WARN_UNUSED_VARIABLE = YES;
				IPHONEOS_DEPLOYMENT_TARGET = 8.2;
				MTL_ENABLE_DEBUG_INFO = NO;
				SDKROOT = iphoneos;
				TARGETED_DEVICE_FAMILY = "1,2";
				VALIDATE_PRODUCT = YES;
			};
			name = Release;
		};
		591762CA1AE90AE5009D3E60 /* Debug */ = {
			isa = XCBuildConfiguration;
			baseConfigurationReference = 913E5245595705CD288EB0BD /* Pods.debug.xcconfig */;
			buildSettings = {
				ASSETCATALOG_COMPILER_APPICON_NAME = AppIcon;
				ASSETCATALOG_COMPILER_LAUNCHIMAGE_NAME = LaunchImage;
				INFOPLIST_FILE = SignMyPad/Info.plist;
				LD_RUNPATH_SEARCH_PATHS = "$(inherited) @executable_path/Frameworks";
				PRODUCT_NAME = "$(TARGET_NAME)";
			};
			name = Debug;
		};
		591762CB1AE90AE5009D3E60 /* Release */ = {
			isa = XCBuildConfiguration;
			baseConfigurationReference = 0D826EACE57DE7E1E8BCF874 /* Pods.release.xcconfig */;
			buildSettings = {
				ASSETCATALOG_COMPILER_APPICON_NAME = AppIcon;
				ASSETCATALOG_COMPILER_LAUNCHIMAGE_NAME = LaunchImage;
				INFOPLIST_FILE = SignMyPad/Info.plist;
				LD_RUNPATH_SEARCH_PATHS = "$(inherited) @executable_path/Frameworks";
				PRODUCT_NAME = "$(TARGET_NAME)";
			};
			name = Release;
		};
		591762CD1AE90AE5009D3E60 /* Debug */ = {
			isa = XCBuildConfiguration;
			buildSettings = {
				BUNDLE_LOADER = "$(TEST_HOST)";
				FRAMEWORK_SEARCH_PATHS = (
					"$(SDKROOT)/Developer/Library/Frameworks",
					"$(inherited)",
				);
				GCC_PREPROCESSOR_DEFINITIONS = (
					"DEBUG=1",
					"$(inherited)",
				);
				INFOPLIST_FILE = SignMyPadTests/Info.plist;
				LD_RUNPATH_SEARCH_PATHS = "$(inherited) @executable_path/Frameworks @loader_path/Frameworks";
				PRODUCT_NAME = "$(TARGET_NAME)";
				TEST_HOST = "$(BUILT_PRODUCTS_DIR)/SignMyPad.app/SignMyPad";
			};
			name = Debug;
		};
		591762CE1AE90AE5009D3E60 /* Release */ = {
			isa = XCBuildConfiguration;
			buildSettings = {
				BUNDLE_LOADER = "$(TEST_HOST)";
				FRAMEWORK_SEARCH_PATHS = (
					"$(SDKROOT)/Developer/Library/Frameworks",
					"$(inherited)",
				);
				INFOPLIST_FILE = SignMyPadTests/Info.plist;
				LD_RUNPATH_SEARCH_PATHS = "$(inherited) @executable_path/Frameworks @loader_path/Frameworks";
				PRODUCT_NAME = "$(TARGET_NAME)";
				TEST_HOST = "$(BUILT_PRODUCTS_DIR)/SignMyPad.app/SignMyPad";
			};
			name = Release;
		};
/* End XCBuildConfiguration section */

/* Begin XCConfigurationList section */
		591762A21AE90AE5009D3E60 /* Build configuration list for PBXProject "SignMyPad" */ = {
			isa = XCConfigurationList;
			buildConfigurations = (
				591762C71AE90AE5009D3E60 /* Debug */,
				591762C81AE90AE5009D3E60 /* Release */,
			);
			defaultConfigurationIsVisible = 0;
			defaultConfigurationName = Release;
		};
		591762C91AE90AE5009D3E60 /* Build configuration list for PBXNativeTarget "SignMyPad" */ = {
			isa = XCConfigurationList;
			buildConfigurations = (
				591762CA1AE90AE5009D3E60 /* Debug */,
				591762CB1AE90AE5009D3E60 /* Release */,
			);
			defaultConfigurationIsVisible = 0;
			defaultConfigurationName = Release;
		};
		591762CC1AE90AE5009D3E60 /* Build configuration list for PBXNativeTarget "SignMyPadTests" */ = {
			isa = XCConfigurationList;
			buildConfigurations = (
				591762CD1AE90AE5009D3E60 /* Debug */,
				591762CE1AE90AE5009D3E60 /* Release */,
			);
			defaultConfigurationIsVisible = 0;
			defaultConfigurationName = Release;
		};
/* End XCConfigurationList section */

/* Begin XCVersionGroup section */
		591762AE1AE90AE5009D3E60 /* SignMyPad.xcdatamodeld */ = {
			isa = XCVersionGroup;
			children = (
				591762AF1AE90AE5009D3E60 /* SignMyPad.xcdatamodel */,
			);
			currentVersion = 591762AF1AE90AE5009D3E60 /* SignMyPad.xcdatamodel */;
			path = SignMyPad.xcdatamodeld;
			sourceTree = "<group>";
			versionGroupType = wrapper.xcdatamodel;
		};
/* End XCVersionGroup section */
	};
	rootObject = 5917629F1AE90AE5009D3E60 /* Project object */;
}
